
Microsoft Visual Studio Solution File, Format Version 12.00
# Visual Studio 2013
VisualStudioVersion = 12.0.21005.1
MinimumVisualStudioVersion = 10.0.40219.1
Project("{2150E333-8FDC-42A3-9474-1A3956D46DE8}") = "Task2.Fibonacci", "Task2.Fibonacci", "{593F5C12-F247-4EBD-AEAA-7E2BFC8EACFE}"
EndProject
Project("{FAE04EC0-301F-11D3-BF4B-00C04F79EFBC}") = "Fibonacci.Task2.ConsoleApp", "Fibonacci.Task2.ConsoleApp\Fibonacci.Task2.ConsoleApp.csproj", "{E712D5FD-8037-485D-B9BD-1574651565B9}"
EndProject
Project("{FAE04EC0-301F-11D3-BF4B-00C04F79EFBC}") = "Fibonacci.Task2.Library", "Fibonacci.Task2.Library\Fibonacci.Task2.Library.csproj", "{9FA9C572-55B7-473F-9D7A-F4707733E55C}"
EndProject
Project("{2150E333-8FDC-42A3-9474-1A3956D46DE8}") = "Task1.CountdownBroadcast", "Task1.CountdownBroadcast", "{40358816-0001-49FC-A456-F8EBFF497075}"
EndProject
Project("{FAE04EC0-301F-11D3-BF4B-00C04F79EFBC}") = "CountdownBroadcast", "CountdownBroadcast\CountdownBroadcast.csproj", "{AF48FD47-48A8-4B1E-B083-CFECD6ED79DA}"
EndProject
Project("{FAE04EC0-301F-11D3-BF4B-00C04F79EFBC}") = "CountdownBroadcast.Test", "CountdownBroadcast.Test\CountdownBroadcast.Test.csproj", "{6B31A674-BB93-46E5-AA1C-8F565721F4EA}"
EndProject
Project("{2150E333-8FDC-42A3-9474-1A3956D46DE8}") = "Task3.CustomQueue", "Task3.CustomQueue", "{F5B6657C-8F19-4AA0-A166-1A331F38F471}"
EndProject
Project("{FAE04EC0-301F-11D3-BF4B-00C04F79EFBC}") = "CustomQueue.Task3.Library", "CustomQueue.Task3.Library\CustomQueue.Task3.Library.csproj", "{A2A4122C-7E17-4E73-9637-F29BB8324EDA}"
EndProject
Project("{FAE04EC0-301F-11D3-BF4B-00C04F79EFBC}") = "CustomQueue.Task3.ConsoleApp", "CustomQueue.Task3.ConsoleApp\CustomQueue.Task3.ConsoleApp.csproj", "{003004FA-08AD-4711-8BEA-75303619E1EE}"
EndProject
Project("{FAE04EC0-301F-11D3-BF4B-00C04F79EFBC}") = "CustomQueue.Task3.Utest", "CustomQueue.Task3.Utest\CustomQueue.Task3.Utest.csproj", "{D8B4E8FD-AD2E-4B47-8201-E50314421754}"
EndProject
Global
	GlobalSection(SolutionConfigurationPlatforms) = preSolution
		Debug|Any CPU = Debug|Any CPU
		Release|Any CPU = Release|Any CPU
	EndGlobalSection
	GlobalSection(ProjectConfigurationPlatforms) = postSolution
		{E712D5FD-8037-485D-B9BD-1574651565B9}.Debug|Any CPU.ActiveCfg = Debug|Any CPU
		{E712D5FD-8037-485D-B9BD-1574651565B9}.Debug|Any CPU.Build.0 = Debug|Any CPU
		{E712D5FD-8037-485D-B9BD-1574651565B9}.Release|Any CPU.ActiveCfg = Release|Any CPU
		{E712D5FD-8037-485D-B9BD-1574651565B9}.Release|Any CPU.Build.0 = Release|Any CPU
		{9FA9C572-55B7-473F-9D7A-F4707733E55C}.Debug|Any CPU.ActiveCfg = Debug|Any CPU
		{9FA9C572-55B7-473F-9D7A-F4707733E55C}.Debug|Any CPU.Build.0 = Debug|Any CPU
		{9FA9C572-55B7-473F-9D7A-F4707733E55C}.Release|Any CPU.ActiveCfg = Release|Any CPU
		{9FA9C572-55B7-473F-9D7A-F4707733E55C}.Release|Any CPU.Build.0 = Release|Any CPU
		{AF48FD47-48A8-4B1E-B083-CFECD6ED79DA}.Debug|Any CPU.ActiveCfg = Debug|Any CPU
		{AF48FD47-48A8-4B1E-B083-CFECD6ED79DA}.Debug|Any CPU.Build.0 = Debug|Any CPU
		{AF48FD47-48A8-4B1E-B083-CFECD6ED79DA}.Release|Any CPU.ActiveCfg = Release|Any CPU
		{AF48FD47-48A8-4B1E-B083-CFECD6ED79DA}.Release|Any CPU.Build.0 = Release|Any CPU
		{6B31A674-BB93-46E5-AA1C-8F565721F4EA}.Debug|Any CPU.ActiveCfg = Debug|Any CPU
		{6B31A674-BB93-46E5-AA1C-8F565721F4EA}.Debug|Any CPU.Build.0 = Debug|Any CPU
		{6B31A674-BB93-46E5-AA1C-8F565721F4EA}.Release|Any CPU.ActiveCfg = Release|Any CPU
		{6B31A674-BB93-46E5-AA1C-8F565721F4EA}.Release|Any CPU.Build.0 = Release|Any CPU
		{A2A4122C-7E17-4E73-9637-F29BB8324EDA}.Debug|Any CPU.ActiveCfg = Debug|Any CPU
		{A2A4122C-7E17-4E73-9637-F29BB8324EDA}.Debug|Any CPU.Build.0 = Debug|Any CPU
		{A2A4122C-7E17-4E73-9637-F29BB8324EDA}.Release|Any CPU.ActiveCfg = Release|Any CPU
		{A2A4122C-7E17-4E73-9637-F29BB8324EDA}.Release|Any CPU.Build.0 = Release|Any CPU
		{003004FA-08AD-4711-8BEA-75303619E1EE}.Debug|Any CPU.ActiveCfg = Debug|Any CPU
		{003004FA-08AD-4711-8BEA-75303619E1EE}.Debug|Any CPU.Build.0 = Debug|Any CPU
		{003004FA-08AD-4711-8BEA-75303619E1EE}.Release|Any CPU.ActiveCfg = Release|Any CPU
		{003004FA-08AD-4711-8BEA-75303619E1EE}.Release|Any CPU.Build.0 = Release|Any CPU
		{D8B4E8FD-AD2E-4B47-8201-E50314421754}.Debug|Any CPU.ActiveCfg = Debug|Any CPU
		{D8B4E8FD-AD2E-4B47-8201-E50314421754}.Debug|Any CPU.Build.0 = Debug|Any CPU
		{D8B4E8FD-AD2E-4B47-8201-E50314421754}.Release|Any CPU.ActiveCfg = Release|Any CPU
		{D8B4E8FD-AD2E-4B47-8201-E50314421754}.Release|Any CPU.Build.0 = Release|Any CPU
	EndGlobalSection
	GlobalSection(SolutionProperties) = preSolution
		HideSolutionNode = FALSE
	EndGlobalSection
	GlobalSection(NestedProjects) = preSolution
		{E712D5FD-8037-485D-B9BD-1574651565B9} = {593F5C12-F247-4EBD-AEAA-7E2BFC8EACFE}
		{9FA9C572-55B7-473F-9D7A-F4707733E55C} = {593F5C12-F247-4EBD-AEAA-7E2BFC8EACFE}
		{AF48FD47-48A8-4B1E-B083-CFECD6ED79DA} = {40358816-0001-49FC-A456-F8EBFF497075}
		{6B31A674-BB93-46E5-AA1C-8F565721F4EA} = {40358816-0001-49FC-A456-F8EBFF497075}
		{A2A4122C-7E17-4E73-9637-F29BB8324EDA} = {F5B6657C-8F19-4AA0-A166-1A331F38F471}
		{003004FA-08AD-4711-8BEA-75303619E1EE} = {F5B6657C-8F19-4AA0-A166-1A331F38F471}
		{D8B4E8FD-AD2E-4B47-8201-E50314421754} = {F5B6657C-8F19-4AA0-A166-1A331F38F471}
	EndGlobalSection
EndGlobal
