
Microsoft Visual Studio Solution File, Format Version 12.00
# Visual Studio 2013
VisualStudioVersion = 12.0.21005.1
MinimumVisualStudioVersion = 10.0.40219.1
Project("{2150E333-8FDC-42A3-9474-1A3956D46DE8}") = "Fibonacci.Task2", "Fibonacci.Task2", "{593F5C12-F247-4EBD-AEAA-7E2BFC8EACFE}"
EndProject
Project("{FAE04EC0-301F-11D3-BF4B-00C04F79EFBC}") = "Fibonacci.Task2.ConsoleApp", "Fibonacci.Task2.ConsoleApp\Fibonacci.Task2.ConsoleApp.csproj", "{E712D5FD-8037-485D-B9BD-1574651565B9}"
EndProject
Global
	GlobalSection(SolutionConfigurationPlatforms) = preSolution
		Debug|Any CPU = Debug|Any CPU
		Release|Any CPU = Release|Any CPU
	EndGlobalSection
	GlobalSection(ProjectConfigurationPlatforms) = postSolution
		{E712D5FD-8037-485D-B9BD-1574651565B9}.Debug|Any CPU.ActiveCfg = Debug|Any CPU
		{E712D5FD-8037-485D-B9BD-1574651565B9}.Debug|Any CPU.Build.0 = Debug|Any CPU
		{E712D5FD-8037-485D-B9BD-1574651565B9}.Release|Any CPU.ActiveCfg = Release|Any CPU
		{E712D5FD-8037-485D-B9BD-1574651565B9}.Release|Any CPU.Build.0 = Release|Any CPU
	EndGlobalSection
	GlobalSection(SolutionProperties) = preSolution
		HideSolutionNode = FALSE
	EndGlobalSection
	GlobalSection(NestedProjects) = preSolution
		{E712D5FD-8037-485D-B9BD-1574651565B9} = {593F5C12-F247-4EBD-AEAA-7E2BFC8EACFE}
	EndGlobalSection
EndGlobal
